
Microsoft Visual Studio Solution File, Format Version 12.00
# Visual Studio Version 17
VisualStudioVersion = 17.1.32407.343
MinimumVisualStudioVersion = 10.0.40219.1
Project("{FAE04EC0-301F-11D3-BF4B-00C04F79EFBC}") = "lab07", "lab07\lab07.csproj", "{CA071DC8-7A58-4823-BA18-278DAFCAEB78}"
EndProject
Global
	GlobalSection(SolutionConfigurationPlatforms) = preSolution
		Debug|Any CPU = Debug|Any CPU
		Release|Any CPU = Release|Any CPU
	EndGlobalSection
	GlobalSection(ProjectConfigurationPlatforms) = postSolution
		{CA071DC8-7A58-4823-BA18-278DAFCAEB78}.Debug|Any CPU.ActiveCfg = Debug|Any CPU
		{CA071DC8-7A58-4823-BA18-278DAFCAEB78}.Debug|Any CPU.Build.0 = Debug|Any CPU
		{CA071DC8-7A58-4823-BA18-278DAFCAEB78}.Release|Any CPU.ActiveCfg = Release|Any CPU
		{CA071DC8-7A58-4823-BA18-278DAFCAEB78}.Release|Any CPU.Build.0 = Release|Any CPU
	EndGlobalSection
	GlobalSection(SolutionProperties) = preSolution
		HideSolutionNode = FALSE
	EndGlobalSection
	GlobalSection(ExtensibilityGlobals) = postSolution
		SolutionGuid = {55E6925C-4BE6-45AD-B44C-3548497B8A5F}
	EndGlobalSection
EndGlobal
