
Microsoft Visual Studio Solution File, Format Version 12.00
# Visual Studio Version 16
VisualStudioVersion = 16.0.31702.278
MinimumVisualStudioVersion = 10.0.40219.1
Project("{FAE04EC0-301F-11D3-BF4B-00C04F79EFBC}") = "lab05", "lab05\lab05.csproj", "{C197C0D5-A9D0-4F4C-B303-7D5DFBF52DAF}"
EndProject
Global
	GlobalSection(SolutionConfigurationPlatforms) = preSolution
		Debug|Any CPU = Debug|Any CPU
		Release|Any CPU = Release|Any CPU
	EndGlobalSection
	GlobalSection(ProjectConfigurationPlatforms) = postSolution
		{C197C0D5-A9D0-4F4C-B303-7D5DFBF52DAF}.Debug|Any CPU.ActiveCfg = Debug|Any CPU
		{C197C0D5-A9D0-4F4C-B303-7D5DFBF52DAF}.Debug|Any CPU.Build.0 = Debug|Any CPU
		{C197C0D5-A9D0-4F4C-B303-7D5DFBF52DAF}.Release|Any CPU.ActiveCfg = Release|Any CPU
		{C197C0D5-A9D0-4F4C-B303-7D5DFBF52DAF}.Release|Any CPU.Build.0 = Release|Any CPU
	EndGlobalSection
	GlobalSection(SolutionProperties) = preSolution
		HideSolutionNode = FALSE
	EndGlobalSection
	GlobalSection(ExtensibilityGlobals) = postSolution
		SolutionGuid = {34F31CD7-C5A7-4A6D-A062-BB6E6B2D297E}
	EndGlobalSection
EndGlobal
